
Microsoft Visual Studio Solution File, Format Version 12.00
# Visual Studio Version 17
VisualStudioVersion = 17.8.34316.72
MinimumVisualStudioVersion = 10.0.40219.1
Project("{FAE04EC0-301F-11D3-BF4B-00C04F79EFBC}") = "MarryQuiz", "MarryQuiz\MarryQuiz.csproj", "{988D623B-D48C-4D04-AE53-34DE20E5898F}"
EndProject
Global
	GlobalSection(SolutionConfigurationPlatforms) = preSolution
		Debug|Any CPU = Debug|Any CPU
		Release|Any CPU = Release|Any CPU
	EndGlobalSection
	GlobalSection(ProjectConfigurationPlatforms) = postSolution
		{988D623B-D48C-4D04-AE53-34DE20E5898F}.Debug|Any CPU.ActiveCfg = Debug|Any CPU
		{988D623B-D48C-4D04-AE53-34DE20E5898F}.Debug|Any CPU.Build.0 = Debug|Any CPU
		{988D623B-D48C-4D04-AE53-34DE20E5898F}.Release|Any CPU.ActiveCfg = Release|Any CPU
		{988D623B-D48C-4D04-AE53-34DE20E5898F}.Release|Any CPU.Build.0 = Release|Any CPU
	EndGlobalSection
	GlobalSection(SolutionProperties) = preSolution
		HideSolutionNode = FALSE
	EndGlobalSection
	GlobalSection(ExtensibilityGlobals) = postSolution
		SolutionGuid = {E4AF7BC5-0C17-4D52-8B92-E86FB6520EB7}
	EndGlobalSection
EndGlobal
